{
  "originHash" : "95832d7ebadc6673059fda43060167a4d2a172b6fbd27130cc99012a0f537849",
  "pins" : [
    {
      "identity" : "fluidaudio",
      "kind" : "remoteSourceControl",
      "location" : "https://github.com/FluidInference/FluidAudio.git",
      "state" : {
        "revision" : "19600a485baa4998812e4654b70d2bab8f2c9949",
        "version" : "0.15.5"
      }
    },
    {
      "identity" : "sparkle",
      "kind" : "remoteSourceControl",
      "location" : "https://github.com/sparkle-project/Sparkle",
      "state" : {
        "revision" : "b6496a74a087257ef5e6da1c5b29a447a60f5bd7",
        "version" : "2.9.4"
      }
    },
    {
      "identity" : "swiftsdk",
      "kind" : "remoteSourceControl",
      "location" : "https://github.com/TelemetryDeck/SwiftSDK",
      "state" : {
        "revision" : "ad4a03ec7ea7416a4081370f21c86e55b02a5b88",
        "version" : "2.14.1"
      }
    }
  ],
  "version" : 3
}
